
Microsoft Visual Studio Solution File, Format Version 12.00
# Visual Studio Version 17
VisualStudioVersion = 17.10.34916.146
MinimumVisualStudioVersion = 10.0.40219.1
Project("{FAE04EC0-301F-11D3-BF4B-00C04F79EFBC}") = "LecheMap", "LecheMap.csproj", "{318253D6-9D2E-4498-B3B8-6E5512BD3380}"
EndProject
Global
	GlobalSection(SolutionConfigurationPlatforms) = preSolution
		Debug|Any CPU = Debug|Any CPU
		Release|Any CPU = Release|Any CPU
	EndGlobalSection
	GlobalSection(ProjectConfigurationPlatforms) = postSolution
		{318253D6-9D2E-4498-B3B8-6E5512BD3380}.Debug|Any CPU.ActiveCfg = Debug|Any CPU
		{318253D6-9D2E-4498-B3B8-6E5512BD3380}.Debug|Any CPU.Build.0 = Debug|Any CPU
		{318253D6-9D2E-4498-B3B8-6E5512BD3380}.Release|Any CPU.ActiveCfg = Release|Any CPU
		{318253D6-9D2E-4498-B3B8-6E5512BD3380}.Release|Any CPU.Build.0 = Release|Any CPU
	EndGlobalSection
	GlobalSection(SolutionProperties) = preSolution
		HideSolutionNode = FALSE
	EndGlobalSection
	GlobalSection(ExtensibilityGlobals) = postSolution
		SolutionGuid = {460D18A8-2CA3-4AA1-8699-D0240B420EF0}
	EndGlobalSection
EndGlobal
